
Microsoft Visual Studio Solution File, Format Version 12.00
# Visual Studio Version 17
VisualStudioVersion = 17.0.31919.166
MinimumVisualStudioVersion = 10.0.40219.1
Project("{9A19103F-16F7-4668-BE54-9A1E7A4F7556}") = "BookListRazor", "BookListRazor\BookListRazor.csproj", "{B9F4B144-CAA8-4745-A4C4-C47676B66DDC}"
EndProject
Global
	GlobalSection(SolutionConfigurationPlatforms) = preSolution
		Debug|Any CPU = Debug|Any CPU
		Release|Any CPU = Release|Any CPU
	EndGlobalSection
	GlobalSection(ProjectConfigurationPlatforms) = postSolution
		{B9F4B144-CAA8-4745-A4C4-C47676B66DDC}.Debug|Any CPU.ActiveCfg = Debug|Any CPU
		{B9F4B144-CAA8-4745-A4C4-C47676B66DDC}.Debug|Any CPU.Build.0 = Debug|Any CPU
		{B9F4B144-CAA8-4745-A4C4-C47676B66DDC}.Release|Any CPU.ActiveCfg = Release|Any CPU
		{B9F4B144-CAA8-4745-A4C4-C47676B66DDC}.Release|Any CPU.Build.0 = Release|Any CPU
	EndGlobalSection
	GlobalSection(SolutionProperties) = preSolution
		HideSolutionNode = FALSE
	EndGlobalSection
	GlobalSection(ExtensibilityGlobals) = postSolution
		SolutionGuid = {FC3E462D-2568-4050-976C-52AB4739D7F7}
	EndGlobalSection
EndGlobal
